
Microsoft Visual Studio Solution File, Format Version 12.00
# Visual Studio Version 16
VisualStudioVersion = 16.0.30330.147
MinimumVisualStudioVersion = 10.0.40219.1
Project("{9A19103F-16F7-4668-BE54-9A1E7A4F7556}") = "leave-management", "leave-management\leave-management.csproj", "{10D63BA4-0153-4323-ABEB-6613BC3CC058}"
EndProject
Global
	GlobalSection(SolutionConfigurationPlatforms) = preSolution
		Debug|Any CPU = Debug|Any CPU
		Release|Any CPU = Release|Any CPU
	EndGlobalSection
	GlobalSection(ProjectConfigurationPlatforms) = postSolution
		{10D63BA4-0153-4323-ABEB-6613BC3CC058}.Debug|Any CPU.ActiveCfg = Debug|Any CPU
		{10D63BA4-0153-4323-ABEB-6613BC3CC058}.Debug|Any CPU.Build.0 = Debug|Any CPU
		{10D63BA4-0153-4323-ABEB-6613BC3CC058}.Release|Any CPU.ActiveCfg = Release|Any CPU
		{10D63BA4-0153-4323-ABEB-6613BC3CC058}.Release|Any CPU.Build.0 = Release|Any CPU
	EndGlobalSection
	GlobalSection(SolutionProperties) = preSolution
		HideSolutionNode = FALSE
	EndGlobalSection
	GlobalSection(ExtensibilityGlobals) = postSolution
		SolutionGuid = {AD262BA8-06D8-4643-A91E-E257647F0781}
	EndGlobalSection
EndGlobal
